
Microsoft Visual Studio Solution File, Format Version 12.00
# Visual Studio Version 17
VisualStudioVersion = 17.4.33103.184
MinimumVisualStudioVersion = 10.0.40219.1
Project("{FAE04EC0-301F-11D3-BF4B-00C04F79EFBC}") = "StringLibrary", "StringLibrary\StringLibrary.csproj", "{6866B615-398F-4671-9766-4D00B7EFFF3A}"
EndProject
Global
	GlobalSection(SolutionConfigurationPlatforms) = preSolution
		Debug|Any CPU = Debug|Any CPU
		Release|Any CPU = Release|Any CPU
	EndGlobalSection
	GlobalSection(ProjectConfigurationPlatforms) = postSolution
		{6866B615-398F-4671-9766-4D00B7EFFF3A}.Debug|Any CPU.ActiveCfg = Debug|Any CPU
		{6866B615-398F-4671-9766-4D00B7EFFF3A}.Debug|Any CPU.Build.0 = Debug|Any CPU
		{6866B615-398F-4671-9766-4D00B7EFFF3A}.Release|Any CPU.ActiveCfg = Release|Any CPU
		{6866B615-398F-4671-9766-4D00B7EFFF3A}.Release|Any CPU.Build.0 = Release|Any CPU
	EndGlobalSection
	GlobalSection(SolutionProperties) = preSolution
		HideSolutionNode = FALSE
	EndGlobalSection
	GlobalSection(ExtensibilityGlobals) = postSolution
		SolutionGuid = {29B01D5D-3540-4D98-8F73-38D16DD6FFBD}
	EndGlobalSection
EndGlobal
